
Microsoft Visual Studio Solution File, Format Version 12.00
# Visual Studio Version 16
VisualStudioVersion = 16.0.30503.244
MinimumVisualStudioVersion = 10.0.40219.1
Project("{8BC9CEB8-8B4A-11D0-8D11-00A0C91BC942}") = "Hilbert", "Hilbert\Hilbert.vcxproj", "{A896D6CE-C8D9-4B82-85C8-B9F14309311F}"
EndProject
Project("{8BC9CEB8-8B4A-11D0-8D11-00A0C91BC942}") = "3D Heart", "3D Heart\3D Heart.vcxproj", "{A3D6B607-EC69-42AB-AE9B-1772A2F42CF7}"
EndProject
Project("{8BC9CEB8-8B4A-11D0-8D11-00A0C91BC942}") = "CharaRain", "CharaRain\CharaRain.vcxproj", "{ED58D56D-5513-44E7-BE97-454C8264AEEB}"
EndProject
Project("{8BC9CEB8-8B4A-11D0-8D11-00A0C91BC942}") = "带一盏油灯去仓库", "带一盏油灯去仓库\带一盏油灯去仓库.vcxproj", "{3D3F6290-780E-4A99-9731-27E2F069937F}"
EndProject
Project("{8BC9CEB8-8B4A-11D0-8D11-00A0C91BC942}") = "点灯游戏", "点灯游戏\点灯游戏.vcxproj", "{E24F82FD-F6DB-4510-B25D-59BAC0DBAC17}"
EndProject
Project("{8BC9CEB8-8B4A-11D0-8D11-00A0C91BC942}") = "调色板动画", "调色板动画\调色板动画.vcxproj", "{76E4D3B2-E1A6-47CC-8105-08C2DEC4E6A7}"
EndProject
Project("{8BC9CEB8-8B4A-11D0-8D11-00A0C91BC942}") = "动态立体方块", "动态立体方块\动态立体方块.vcxproj", "{093252E8-65ED-4F48-86A1-963D1FABCF3A}"
EndProject
Project("{8BC9CEB8-8B4A-11D0-8D11-00A0C91BC942}") = "力学小方块", "力学小方块\力学小方块.vcxproj", "{BDBDBAC0-3E1F-4BB3-8B1E-99163A8C4004}"
EndProject
Project("{8BC9CEB8-8B4A-11D0-8D11-00A0C91BC942}") = "黑白棋", "黑白棋\黑白棋.vcxproj", "{D312AB3F-207F-4E6E-8DD1-49047ABB91D9}"
EndProject
Project("{8BC9CEB8-8B4A-11D0-8D11-00A0C91BC942}") = "红玫瑰", "红玫瑰\红玫瑰.vcxproj", "{1D5607CD-BA69-4C76-BD0D-589E60C259C1}"
EndProject
Project("{8BC9CEB8-8B4A-11D0-8D11-00A0C91BC942}") = "火焰模拟", "火焰模拟\火焰模拟.vcxproj", "{824F152E-3427-411D-8798-7682AA0CEADC}"
EndProject
Project("{8BC9CEB8-8B4A-11D0-8D11-00A0C91BC942}") = "军棋", "军棋\军棋.vcxproj", "{8224EC50-06B5-44E4-A7DE-7BA6096E183B}"
EndProject
Project("{8BC9CEB8-8B4A-11D0-8D11-00A0C91BC942}") = "矿井逃生", "矿井逃生\矿井逃生.vcxproj", "{7DF23210-56F7-42F1-B5B9-C1205043EBE8}"
EndProject
Project("{8BC9CEB8-8B4A-11D0-8D11-00A0C91BC942}") = "Liquid", "Liquid\Liquid.vcxproj", "{7BC6C834-9FAC-4058-8E3B-9B6B4DD4B55B}"
EndProject
Project("{8BC9CEB8-8B4A-11D0-8D11-00A0C91BC942}") = "Beatles", "Beatles\Beatles.vcxproj", "{1CB3B73E-0C72-446C-9857-BCA26AD46FBA}"
EndProject
Project("{8BC9CEB8-8B4A-11D0-8D11-00A0C91BC942}") = "Gorilla", "Gorilla\Gorilla.vcxproj", "{242AEDC8-141B-4967-AE6C-38F94093157F}"
EndProject
Project("{8BC9CEB8-8B4A-11D0-8D11-00A0C91BC942}") = "三维旋转球", "三维旋转球\三维旋转球.vcxproj", "{6B0AD441-9905-4EB9-98A4-91CB193FA759}"
EndProject
Project("{8BC9CEB8-8B4A-11D0-8D11-00A0C91BC942}") = "生命游戏", "生命游戏\生命游戏.vcxproj", "{FEB04129-BA2C-4B57-A08E-2CF8DCB3FFBC}"
EndProject
Project("{8BC9CEB8-8B4A-11D0-8D11-00A0C91BC942}") = "AyaCrossX", "AyaCrossX\AyaCrossX.vcxproj", "{857F1A59-3C7D-4844-9458-968C0DEC35EE}"
EndProject
Project("{8BC9CEB8-8B4A-11D0-8D11-00A0C91BC942}") = "WaterWave", "WaterWave\WaterWave.vcxproj", "{9CB8CB58-B10F-4B57-B163-A47B3752A791}"
EndProject
Project("{8BC9CEB8-8B4A-11D0-8D11-00A0C91BC942}") = "Greedy Snake", "Greedy Snake\Greedy Snake.vcxproj", "{842030D7-942E-45A0-8181-93E36FF841DD}"
EndProject
Project("{8BC9CEB8-8B4A-11D0-8D11-00A0C91BC942}") = "Picture2Ascii", "Picture2Ascii\Picture2Ascii.vcxproj", "{96531628-385A-45E7-A0EB-7B2C90DE57E9}"
EndProject
Project("{8BC9CEB8-8B4A-11D0-8D11-00A0C91BC942}") = "Sierpinski", "Sierpinski\Sierpinski.vcxproj", "{0C1A9357-608F-4D8C-81A0-8C3A15B5E0B4}"
EndProject
Project("{8BC9CEB8-8B4A-11D0-8D11-00A0C91BC942}") = "Farming", "Farming\Farming.vcxproj", "{4A7ECA23-CC80-488D-A599-A4EB86C995A7}"
EndProject
Project("{8BC9CEB8-8B4A-11D0-8D11-00A0C91BC942}") = "BFS寻路", "BFS寻路\BFS寻路.vcxproj", "{9A2B8CC4-AB42-4F08-9E74-B8BD4B9C49F4}"
EndProject
Project("{8BC9CEB8-8B4A-11D0-8D11-00A0C91BC942}") = "FreeMovingPoint", "FreeMovingPoint\FreeMovingPoint.vcxproj", "{5B46524D-59E9-45A0-8D7C-15DEAF2EB535}"
EndProject
Project("{8BC9CEB8-8B4A-11D0-8D11-00A0C91BC942}") = "大战黑帮", "大战黑帮\大战黑帮.vcxproj", "{A388DF70-6B33-41D2-BD15-450A43B54A5B}"
EndProject
Project("{8BC9CEB8-8B4A-11D0-8D11-00A0C91BC942}") = "Maze", "Maze\Maze.vcxproj", "{A8E7E60D-C5F9-4F1E-968C-FF64D387E01F}"
EndProject
Project("{8BC9CEB8-8B4A-11D0-8D11-00A0C91BC942}") = "BlockingTheCat", "BlockingTheCat\BlockingTheCat.vcxproj", "{4B93066D-388D-4E7D-9C21-A5CF9598CB26}"
EndProject
Project("{8BC9CEB8-8B4A-11D0-8D11-00A0C91BC942}") = "PigpenCipher", "PigpenCipher\PigpenCipher.vcxproj", "{F556BF06-F0DB-401F-B452-83A118DBB45B}"
EndProject
Project("{8BC9CEB8-8B4A-11D0-8D11-00A0C91BC942}") = "TIN三角网络生成", "TIN三角网络生成\TIN三角网络生成.vcxproj", "{9E9D030E-0E6A-4B03-B1E4-8B383F0E299C}"
EndProject
Project("{8BC9CEB8-8B4A-11D0-8D11-00A0C91BC942}") = "二维天体模拟", "二维天体模拟\二维天体模拟.vcxproj", "{314F4FA0-E9E3-4C1A-BC52-5E48CC156C7C}"
EndProject
Project("{8BC9CEB8-8B4A-11D0-8D11-00A0C91BC942}") = "热力学模拟", "热力学模拟\热力学模拟.vcxproj", "{AC95C360-F84F-4C90-BB5C-DFA71D272014}"
EndProject
Project("{8BC9CEB8-8B4A-11D0-8D11-00A0C91BC942}") = "MineSweeper", "MineSweeper\MineSweeper.vcxproj", "{BA4F0AB8-AFE6-470A-A6FB-578C42A04E3C}"
EndProject
Project("{8BC9CEB8-8B4A-11D0-8D11-00A0C91BC942}") = "2048", "2048\2048.vcxproj", "{FC6562B5-0ACE-4076-BC12-CD3A079A5FD6}"
EndProject
Project("{8BC9CEB8-8B4A-11D0-8D11-00A0C91BC942}") = "LineWay", "LineWay\LineWay.vcxproj", "{AD6635E0-ABE2-4909-A1EB-4F72B242FBE6}"
EndProject
Project("{8BC9CEB8-8B4A-11D0-8D11-00A0C91BC942}") = "Lightning", "Lightning\Lightning.vcxproj", "{13EEA2B9-7556-4ED9-8CF0-D0DD346B4F77}"
EndProject
Project("{8BC9CEB8-8B4A-11D0-8D11-00A0C91BC942}") = "LangtonsAnt", "LangtonsAnt\LangtonsAnt.vcxproj", "{4E713D85-B103-45CC-9F27-5F632A5B66E2}"
EndProject
Project("{8BC9CEB8-8B4A-11D0-8D11-00A0C91BC942}") = "TheCubeArray", "TheCubeArray\TheCubeArray.vcxproj", "{1AC0DD0F-B724-4544-B647-A39D0D853DFF}"
EndProject
Project("{8BC9CEB8-8B4A-11D0-8D11-00A0C91BC942}") = "DrawPentagram", "DrawPentagram\DrawPentagram.vcxproj", "{5A10B9F6-CB8E-4EF7-B438-1839B942AD01}"
EndProject
Project("{8BC9CEB8-8B4A-11D0-8D11-00A0C91BC942}") = "DynamicFigure", "DynamicFigure\DynamicFigure.vcxproj", "{8D45FF61-376E-45A5-905C-A0C8E33F4D61}"
EndProject
Project("{8BC9CEB8-8B4A-11D0-8D11-00A0C91BC942}") = "MirrorPaint", "MirrorPaint\MirrorPaint.vcxproj", "{A3E12EF1-7224-4E27-990F-B9E9DE2528CE}"
EndProject
Project("{8BC9CEB8-8B4A-11D0-8D11-00A0C91BC942}") = "EasyPlot", "EasyPlot\EasyPlot.vcxproj", "{B5471B70-A9B4-4F9B-8839-993CE06BCB4B}"
EndProject
Project("{8BC9CEB8-8B4A-11D0-8D11-00A0C91BC942}") = "ZoomableMandelbrotSet", "ZoomableMandelbrotSet\ZoomableMandelbrotSet.vcxproj", "{11F03B5B-2F4A-4819-ADBA-AEDCBA3B2B01}"
EndProject
Project("{8BC9CEB8-8B4A-11D0-8D11-00A0C91BC942}") = "施泰纳球极平面射影", "施泰纳球极平面射影\施泰纳球极平面射影.vcxproj", "{7F556C17-7E5E-4FD4-9546-ADBD27F3B3E6}"
EndProject
Project("{8BC9CEB8-8B4A-11D0-8D11-00A0C91BC942}") = "嵌套井字棋", "嵌套井字棋\嵌套井字棋.vcxproj", "{4E3F9BEE-649F-46C1-B1D9-709100FA5B13}"
EndProject
Global
	GlobalSection(SolutionConfigurationPlatforms) = preSolution
		Debug|x64 = Debug|x64
		Debug|x86 = Debug|x86
		Release|x64 = Release|x64
		Release|x86 = Release|x86
	EndGlobalSection
	GlobalSection(ProjectConfigurationPlatforms) = postSolution
		{A896D6CE-C8D9-4B82-85C8-B9F14309311F}.Debug|x64.ActiveCfg = Debug|x64
		{A896D6CE-C8D9-4B82-85C8-B9F14309311F}.Debug|x64.Build.0 = Debug|x64
		{A896D6CE-C8D9-4B82-85C8-B9F14309311F}.Debug|x86.ActiveCfg = Debug|Win32
		{A896D6CE-C8D9-4B82-85C8-B9F14309311F}.Debug|x86.Build.0 = Debug|Win32
		{A896D6CE-C8D9-4B82-85C8-B9F14309311F}.Release|x64.ActiveCfg = Release|x64
		{A896D6CE-C8D9-4B82-85C8-B9F14309311F}.Release|x64.Build.0 = Release|x64
		{A896D6CE-C8D9-4B82-85C8-B9F14309311F}.Release|x86.ActiveCfg = Release|Win32
		{A896D6CE-C8D9-4B82-85C8-B9F14309311F}.Release|x86.Build.0 = Release|Win32
		{A3D6B607-EC69-42AB-AE9B-1772A2F42CF7}.Debug|x64.ActiveCfg = Debug|x64
		{A3D6B607-EC69-42AB-AE9B-1772A2F42CF7}.Debug|x64.Build.0 = Debug|x64
		{A3D6B607-EC69-42AB-AE9B-1772A2F42CF7}.Debug|x86.ActiveCfg = Debug|Win32
		{A3D6B607-EC69-42AB-AE9B-1772A2F42CF7}.Debug|x86.Build.0 = Debug|Win32
		{A3D6B607-EC69-42AB-AE9B-1772A2F42CF7}.Release|x64.ActiveCfg = Release|x64
		{A3D6B607-EC69-42AB-AE9B-1772A2F42CF7}.Release|x64.Build.0 = Release|x64
		{A3D6B607-EC69-42AB-AE9B-1772A2F42CF7}.Release|x86.ActiveCfg = Release|Win32
		{A3D6B607-EC69-42AB-AE9B-1772A2F42CF7}.Release|x86.Build.0 = Release|Win32
		{ED58D56D-5513-44E7-BE97-454C8264AEEB}.Debug|x64.ActiveCfg = Debug|x64
		{ED58D56D-5513-44E7-BE97-454C8264AEEB}.Debug|x64.Build.0 = Debug|x64
		{ED58D56D-5513-44E7-BE97-454C8264AEEB}.Debug|x86.ActiveCfg = Debug|Win32
		{ED58D56D-5513-44E7-BE97-454C8264AEEB}.Debug|x86.Build.0 = Debug|Win32
		{ED58D56D-5513-44E7-BE97-454C8264AEEB}.Release|x64.ActiveCfg = Release|x64
		{ED58D56D-5513-44E7-BE97-454C8264AEEB}.Release|x64.Build.0 = Release|x64
		{ED58D56D-5513-44E7-BE97-454C8264AEEB}.Release|x86.ActiveCfg = Release|Win32
		{ED58D56D-5513-44E7-BE97-454C8264AEEB}.Release|x86.Build.0 = Release|Win32
		{3D3F6290-780E-4A99-9731-27E2F069937F}.Debug|x64.ActiveCfg = Debug|x64
		{3D3F6290-780E-4A99-9731-27E2F069937F}.Debug|x64.Build.0 = Debug|x64
		{3D3F6290-780E-4A99-9731-27E2F069937F}.Debug|x86.ActiveCfg = Debug|Win32
		{3D3F6290-780E-4A99-9731-27E2F069937F}.Debug|x86.Build.0 = Debug|Win32
		{3D3F6290-780E-4A99-9731-27E2F069937F}.Release|x64.ActiveCfg = Release|x64
		{3D3F6290-780E-4A99-9731-27E2F069937F}.Release|x64.Build.0 = Release|x64
		{3D3F6290-780E-4A99-9731-27E2F069937F}.Release|x86.ActiveCfg = Release|Win32
		{3D3F6290-780E-4A99-9731-27E2F069937F}.Release|x86.Build.0 = Release|Win32
		{E24F82FD-F6DB-4510-B25D-59BAC0DBAC17}.Debug|x64.ActiveCfg = Debug|x64
		{E24F82FD-F6DB-4510-B25D-59BAC0DBAC17}.Debug|x64.Build.0 = Debug|x64
		{E24F82FD-F6DB-4510-B25D-59BAC0DBAC17}.Debug|x86.ActiveCfg = Debug|Win32
		{E24F82FD-F6DB-4510-B25D-59BAC0DBAC17}.Debug|x86.Build.0 = Debug|Win32
		{E24F82FD-F6DB-4510-B25D-59BAC0DBAC17}.Release|x64.ActiveCfg = Release|x64
		{E24F82FD-F6DB-4510-B25D-59BAC0DBAC17}.Release|x64.Build.0 = Release|x64
		{E24F82FD-F6DB-4510-B25D-59BAC0DBAC17}.Release|x86.ActiveCfg = Release|Win32
		{E24F82FD-F6DB-4510-B25D-59BAC0DBAC17}.Release|x86.Build.0 = Release|Win32
		{76E4D3B2-E1A6-47CC-8105-08C2DEC4E6A7}.Debug|x64.ActiveCfg = Debug|x64
		{76E4D3B2-E1A6-47CC-8105-08C2DEC4E6A7}.Debug|x64.Build.0 = Debug|x64
		{76E4D3B2-E1A6-47CC-8105-08C2DEC4E6A7}.Debug|x86.ActiveCfg = Debug|Win32
		{76E4D3B2-E1A6-47CC-8105-08C2DEC4E6A7}.Debug|x86.Build.0 = Debug|Win32
		{76E4D3B2-E1A6-47CC-8105-08C2DEC4E6A7}.Release|x64.ActiveCfg = Release|x64
		{76E4D3B2-E1A6-47CC-8105-08C2DEC4E6A7}.Release|x64.Build.0 = Release|x64
		{76E4D3B2-E1A6-47CC-8105-08C2DEC4E6A7}.Release|x86.ActiveCfg = Release|Win32
		{76E4D3B2-E1A6-47CC-8105-08C2DEC4E6A7}.Release|x86.Build.0 = Release|Win32
		{093252E8-65ED-4F48-86A1-963D1FABCF3A}.Debug|x64.ActiveCfg = Debug|x64
		{093252E8-65ED-4F48-86A1-963D1FABCF3A}.Debug|x64.Build.0 = Debug|x64
		{093252E8-65ED-4F48-86A1-963D1FABCF3A}.Debug|x86.ActiveCfg = Debug|Win32
		{093252E8-65ED-4F48-86A1-963D1FABCF3A}.Debug|x86.Build.0 = Debug|Win32
		{093252E8-65ED-4F48-86A1-963D1FABCF3A}.Release|x64.ActiveCfg = Release|x64
		{093252E8-65ED-4F48-86A1-963D1FABCF3A}.Release|x64.Build.0 = Release|x64
		{093252E8-65ED-4F48-86A1-963D1FABCF3A}.Release|x86.ActiveCfg = Release|Win32
		{093252E8-65ED-4F48-86A1-963D1FABCF3A}.Release|x86.Build.0 = Release|Win32
		{BDBDBAC0-3E1F-4BB3-8B1E-99163A8C4004}.Debug|x64.ActiveCfg = Debug|x64
		{BDBDBAC0-3E1F-4BB3-8B1E-99163A8C4004}.Debug|x64.Build.0 = Debug|x64
		{BDBDBAC0-3E1F-4BB3-8B1E-99163A8C4004}.Debug|x86.ActiveCfg = Debug|Win32
		{BDBDBAC0-3E1F-4BB3-8B1E-99163A8C4004}.Debug|x86.Build.0 = Debug|Win32
		{BDBDBAC0-3E1F-4BB3-8B1E-99163A8C4004}.Release|x64.ActiveCfg = Release|x64
		{BDBDBAC0-3E1F-4BB3-8B1E-99163A8C4004}.Release|x64.Build.0 = Release|x64
		{BDBDBAC0-3E1F-4BB3-8B1E-99163A8C4004}.Release|x86.ActiveCfg = Release|Win32
		{BDBDBAC0-3E1F-4BB3-8B1E-99163A8C4004}.Release|x86.Build.0 = Release|Win32
		{D312AB3F-207F-4E6E-8DD1-49047ABB91D9}.Debug|x64.ActiveCfg = Debug|x64
		{D312AB3F-207F-4E6E-8DD1-49047ABB91D9}.Debug|x64.Build.0 = Debug|x64
		{D312AB3F-207F-4E6E-8DD1-49047ABB91D9}.Debug|x86.ActiveCfg = Debug|Win32
		{D312AB3F-207F-4E6E-8DD1-49047ABB91D9}.Debug|x86.Build.0 = Debug|Win32
		{D312AB3F-207F-4E6E-8DD1-49047ABB91D9}.Release|x64.ActiveCfg = Release|x64
		{D312AB3F-207F-4E6E-8DD1-49047ABB91D9}.Release|x64.Build.0 = Release|x64
		{D312AB3F-207F-4E6E-8DD1-49047ABB91D9}.Release|x86.ActiveCfg = Release|Win32
		{D312AB3F-207F-4E6E-8DD1-49047ABB91D9}.Release|x86.Build.0 = Release|Win32
		{1D5607CD-BA69-4C76-BD0D-589E60C259C1}.Debug|x64.ActiveCfg = Debug|x64
		{1D5607CD-BA69-4C76-BD0D-589E60C259C1}.Debug|x64.Build.0 = Debug|x64
		{1D5607CD-BA69-4C76-BD0D-589E60C259C1}.Debug|x86.ActiveCfg = Debug|Win32
		{1D5607CD-BA69-4C76-BD0D-589E60C259C1}.Debug|x86.Build.0 = Debug|Win32
		{1D5607CD-BA69-4C76-BD0D-589E60C259C1}.Release|x64.ActiveCfg = Release|x64
		{1D5607CD-BA69-4C76-BD0D-589E60C259C1}.Release|x64.Build.0 = Release|x64
		{1D5607CD-BA69-4C76-BD0D-589E60C259C1}.Release|x86.ActiveCfg = Release|Win32
		{1D5607CD-BA69-4C76-BD0D-589E60C259C1}.Release|x86.Build.0 = Release|Win32
		{824F152E-3427-411D-8798-7682AA0CEADC}.Debug|x64.ActiveCfg = Debug|x64
		{824F152E-3427-411D-8798-7682AA0CEADC}.Debug|x64.Build.0 = Debug|x64
		{824F152E-3427-411D-8798-7682AA0CEADC}.Debug|x86.ActiveCfg = Debug|Win32
		{824F152E-3427-411D-8798-7682AA0CEADC}.Debug|x86.Build.0 = Debug|Win32
		{824F152E-3427-411D-8798-7682AA0CEADC}.Release|x64.ActiveCfg = Release|x64
		{824F152E-3427-411D-8798-7682AA0CEADC}.Release|x64.Build.0 = Release|x64
		{824F152E-3427-411D-8798-7682AA0CEADC}.Release|x86.ActiveCfg = Release|Win32
		{824F152E-3427-411D-8798-7682AA0CEADC}.Release|x86.Build.0 = Release|Win32
		{8224EC50-06B5-44E4-A7DE-7BA6096E183B}.Debug|x64.ActiveCfg = Debug|x64
		{8224EC50-06B5-44E4-A7DE-7BA6096E183B}.Debug|x64.Build.0 = Debug|x64
		{8224EC50-06B5-44E4-A7DE-7BA6096E183B}.Debug|x86.ActiveCfg = Debug|Win32
		{8224EC50-06B5-44E4-A7DE-7BA6096E183B}.Debug|x86.Build.0 = Debug|Win32
		{8224EC50-06B5-44E4-A7DE-7BA6096E183B}.Release|x64.ActiveCfg = Release|x64
		{8224EC50-06B5-44E4-A7DE-7BA6096E183B}.Release|x64.Build.0 = Release|x64
		{8224EC50-06B5-44E4-A7DE-7BA6096E183B}.Release|x86.ActiveCfg = Release|Win32
		{8224EC50-06B5-44E4-A7DE-7BA6096E183B}.Release|x86.Build.0 = Release|Win32
		{7DF23210-56F7-42F1-B5B9-C1205043EBE8}.Debug|x64.ActiveCfg = Debug|x64
		{7DF23210-56F7-42F1-B5B9-C1205043EBE8}.Debug|x64.Build.0 = Debug|x64
		{7DF23210-56F7-42F1-B5B9-C1205043EBE8}.Debug|x86.ActiveCfg = Debug|Win32
		{7DF23210-56F7-42F1-B5B9-C1205043EBE8}.Debug|x86.Build.0 = Debug|Win32
		{7DF23210-56F7-42F1-B5B9-C1205043EBE8}.Release|x64.ActiveCfg = Release|x64
		{7DF23210-56F7-42F1-B5B9-C1205043EBE8}.Release|x64.Build.0 = Release|x64
		{7DF23210-56F7-42F1-B5B9-C1205043EBE8}.Release|x86.ActiveCfg = Release|Win32
		{7DF23210-56F7-42F1-B5B9-C1205043EBE8}.Release|x86.Build.0 = Release|Win32
		{7BC6C834-9FAC-4058-8E3B-9B6B4DD4B55B}.Debug|x64.ActiveCfg = Debug|x64
		{7BC6C834-9FAC-4058-8E3B-9B6B4DD4B55B}.Debug|x64.Build.0 = Debug|x64
		{7BC6C834-9FAC-4058-8E3B-9B6B4DD4B55B}.Debug|x86.ActiveCfg = Debug|Win32
		{7BC6C834-9FAC-4058-8E3B-9B6B4DD4B55B}.Debug|x86.Build.0 = Debug|Win32
		{7BC6C834-9FAC-4058-8E3B-9B6B4DD4B55B}.Release|x64.ActiveCfg = Release|x64
		{7BC6C834-9FAC-4058-8E3B-9B6B4DD4B55B}.Release|x64.Build.0 = Release|x64
		{7BC6C834-9FAC-4058-8E3B-9B6B4DD4B55B}.Release|x86.ActiveCfg = Release|Win32
		{7BC6C834-9FAC-4058-8E3B-9B6B4DD4B55B}.Release|x86.Build.0 = Release|Win32
		{1CB3B73E-0C72-446C-9857-BCA26AD46FBA}.Debug|x64.ActiveCfg = Debug|x64
		{1CB3B73E-0C72-446C-9857-BCA26AD46FBA}.Debug|x64.Build.0 = Debug|x64
		{1CB3B73E-0C72-446C-9857-BCA26AD46FBA}.Debug|x86.ActiveCfg = Debug|Win32
		{1CB3B73E-0C72-446C-9857-BCA26AD46FBA}.Debug|x86.Build.0 = Debug|Win32
		{1CB3B73E-0C72-446C-9857-BCA26AD46FBA}.Release|x64.ActiveCfg = Release|x64
		{1CB3B73E-0C72-446C-9857-BCA26AD46FBA}.Release|x64.Build.0 = Release|x64
		{1CB3B73E-0C72-446C-9857-BCA26AD46FBA}.Release|x86.ActiveCfg = Release|Win32
		{1CB3B73E-0C72-446C-9857-BCA26AD46FBA}.Release|x86.Build.0 = Release|Win32
		{242AEDC8-141B-4967-AE6C-38F94093157F}.Debug|x64.ActiveCfg = Debug|x64
		{242AEDC8-141B-4967-AE6C-38F94093157F}.Debug|x64.Build.0 = Debug|x64
		{242AEDC8-141B-4967-AE6C-38F94093157F}.Debug|x86.ActiveCfg = Debug|Win32
		{242AEDC8-141B-4967-AE6C-38F94093157F}.Debug|x86.Build.0 = Debug|Win32
		{242AEDC8-141B-4967-AE6C-38F94093157F}.Release|x64.ActiveCfg = Release|x64
		{242AEDC8-141B-4967-AE6C-38F94093157F}.Release|x64.Build.0 = Release|x64
		{242AEDC8-141B-4967-AE6C-38F94093157F}.Release|x86.ActiveCfg = Release|Win32
		{242AEDC8-141B-4967-AE6C-38F94093157F}.Release|x86.Build.0 = Release|Win32
		{6B0AD441-9905-4EB9-98A4-91CB193FA759}.Debug|x64.ActiveCfg = Debug|x64
		{6B0AD441-9905-4EB9-98A4-91CB193FA759}.Debug|x64.Build.0 = Debug|x64
		{6B0AD441-9905-4EB9-98A4-91CB193FA759}.Debug|x86.ActiveCfg = Debug|Win32
		{6B0AD441-9905-4EB9-98A4-91CB193FA759}.Debug|x86.Build.0 = Debug|Win32
		{6B0AD441-9905-4EB9-98A4-91CB193FA759}.Release|x64.ActiveCfg = Release|x64
		{6B0AD441-9905-4EB9-98A4-91CB193FA759}.Release|x64.Build.0 = Release|x64
		{6B0AD441-9905-4EB9-98A4-91CB193FA759}.Release|x86.ActiveCfg = Release|Win32
		{6B0AD441-9905-4EB9-98A4-91CB193FA759}.Release|x86.Build.0 = Release|Win32
		{FEB04129-BA2C-4B57-A08E-2CF8DCB3FFBC}.Debug|x64.ActiveCfg = Debug|x64
		{FEB04129-BA2C-4B57-A08E-2CF8DCB3FFBC}.Debug|x64.Build.0 = Debug|x64
		{FEB04129-BA2C-4B57-A08E-2CF8DCB3FFBC}.Debug|x86.ActiveCfg = Debug|Win32
		{FEB04129-BA2C-4B57-A08E-2CF8DCB3FFBC}.Debug|x86.Build.0 = Debug|Win32
		{FEB04129-BA2C-4B57-A08E-2CF8DCB3FFBC}.Release|x64.ActiveCfg = Release|x64
		{FEB04129-BA2C-4B57-A08E-2CF8DCB3FFBC}.Release|x64.Build.0 = Release|x64
		{FEB04129-BA2C-4B57-A08E-2CF8DCB3FFBC}.Release|x86.ActiveCfg = Release|Win32
		{FEB04129-BA2C-4B57-A08E-2CF8DCB3FFBC}.Release|x86.Build.0 = Release|Win32
		{857F1A59-3C7D-4844-9458-968C0DEC35EE}.Debug|x64.ActiveCfg = Debug|x64
		{857F1A59-3C7D-4844-9458-968C0DEC35EE}.Debug|x64.Build.0 = Debug|x64
		{857F1A59-3C7D-4844-9458-968C0DEC35EE}.Debug|x86.ActiveCfg = Debug|Win32
		{857F1A59-3C7D-4844-9458-968C0DEC35EE}.Debug|x86.Build.0 = Debug|Win32
		{857F1A59-3C7D-4844-9458-968C0DEC35EE}.Release|x64.ActiveCfg = Release|x64
		{857F1A59-3C7D-4844-9458-968C0DEC35EE}.Release|x64.Build.0 = Release|x64
		{857F1A59-3C7D-4844-9458-968C0DEC35EE}.Release|x86.ActiveCfg = Release|Win32
		{857F1A59-3C7D-4844-9458-968C0DEC35EE}.Release|x86.Build.0 = Release|Win32
		{9CB8CB58-B10F-4B57-B163-A47B3752A791}.Debug|x64.ActiveCfg = Debug|x64
		{9CB8CB58-B10F-4B57-B163-A47B3752A791}.Debug|x64.Build.0 = Debug|x64
		{9CB8CB58-B10F-4B57-B163-A47B3752A791}.Debug|x86.ActiveCfg = Debug|Win32
		{9CB8CB58-B10F-4B57-B163-A47B3752A791}.Debug|x86.Build.0 = Debug|Win32
		{9CB8CB58-B10F-4B57-B163-A47B3752A791}.Release|x64.ActiveCfg = Release|x64
		{9CB8CB58-B10F-4B57-B163-A47B3752A791}.Release|x64.Build.0 = Release|x64
		{9CB8CB58-B10F-4B57-B163-A47B3752A791}.Release|x86.ActiveCfg = Release|Win32
		{9CB8CB58-B10F-4B57-B163-A47B3752A791}.Release|x86.Build.0 = Release|Win32
		{842030D7-942E-45A0-8181-93E36FF841DD}.Debug|x64.ActiveCfg = Debug|x64
		{842030D7-942E-45A0-8181-93E36FF841DD}.Debug|x64.Build.0 = Debug|x64
		{842030D7-942E-45A0-8181-93E36FF841DD}.Debug|x86.ActiveCfg = Debug|Win32
		{842030D7-942E-45A0-8181-93E36FF841DD}.Debug|x86.Build.0 = Debug|Win32
		{842030D7-942E-45A0-8181-93E36FF841DD}.Release|x64.ActiveCfg = Release|x64
		{842030D7-942E-45A0-8181-93E36FF841DD}.Release|x64.Build.0 = Release|x64
		{842030D7-942E-45A0-8181-93E36FF841DD}.Release|x86.ActiveCfg = Release|Win32
		{842030D7-942E-45A0-8181-93E36FF841DD}.Release|x86.Build.0 = Release|Win32
		{96531628-385A-45E7-A0EB-7B2C90DE57E9}.Debug|x64.ActiveCfg = Debug|x64
		{96531628-385A-45E7-A0EB-7B2C90DE57E9}.Debug|x64.Build.0 = Debug|x64
		{96531628-385A-45E7-A0EB-7B2C90DE57E9}.Debug|x86.ActiveCfg = Debug|Win32
		{96531628-385A-45E7-A0EB-7B2C90DE57E9}.Debug|x86.Build.0 = Debug|Win32
		{96531628-385A-45E7-A0EB-7B2C90DE57E9}.Release|x64.ActiveCfg = Release|x64
		{96531628-385A-45E7-A0EB-7B2C90DE57E9}.Release|x64.Build.0 = Release|x64
		{96531628-385A-45E7-A0EB-7B2C90DE57E9}.Release|x86.ActiveCfg = Release|Win32
		{96531628-385A-45E7-A0EB-7B2C90DE57E9}.Release|x86.Build.0 = Release|Win32
		{0C1A9357-608F-4D8C-81A0-8C3A15B5E0B4}.Debug|x64.ActiveCfg = Debug|x64
		{0C1A9357-608F-4D8C-81A0-8C3A15B5E0B4}.Debug|x64.Build.0 = Debug|x64
		{0C1A9357-608F-4D8C-81A0-8C3A15B5E0B4}.Debug|x86.ActiveCfg = Debug|Win32
		{0C1A9357-608F-4D8C-81A0-8C3A15B5E0B4}.Debug|x86.Build.0 = Debug|Win32
		{0C1A9357-608F-4D8C-81A0-8C3A15B5E0B4}.Release|x64.ActiveCfg = Release|x64
		{0C1A9357-608F-4D8C-81A0-8C3A15B5E0B4}.Release|x64.Build.0 = Release|x64
		{0C1A9357-608F-4D8C-81A0-8C3A15B5E0B4}.Release|x86.ActiveCfg = Release|Win32
		{0C1A9357-608F-4D8C-81A0-8C3A15B5E0B4}.Release|x86.Build.0 = Release|Win32
		{4A7ECA23-CC80-488D-A599-A4EB86C995A7}.Debug|x64.ActiveCfg = Debug|x64
		{4A7ECA23-CC80-488D-A599-A4EB86C995A7}.Debug|x64.Build.0 = Debug|x64
		{4A7ECA23-CC80-488D-A599-A4EB86C995A7}.Debug|x86.ActiveCfg = Debug|Win32
		{4A7ECA23-CC80-488D-A599-A4EB86C995A7}.Debug|x86.Build.0 = Debug|Win32
		{4A7ECA23-CC80-488D-A599-A4EB86C995A7}.Release|x64.ActiveCfg = Release|x64
		{4A7ECA23-CC80-488D-A599-A4EB86C995A7}.Release|x64.Build.0 = Release|x64
		{4A7ECA23-CC80-488D-A599-A4EB86C995A7}.Release|x86.ActiveCfg = Release|Win32
		{4A7ECA23-CC80-488D-A599-A4EB86C995A7}.Release|x86.Build.0 = Release|Win32
		{9A2B8CC4-AB42-4F08-9E74-B8BD4B9C49F4}.Debug|x64.ActiveCfg = Debug|x64
		{9A2B8CC4-AB42-4F08-9E74-B8BD4B9C49F4}.Debug|x64.Build.0 = Debug|x64
		{9A2B8CC4-AB42-4F08-9E74-B8BD4B9C49F4}.Debug|x86.ActiveCfg = Debug|Win32
		{9A2B8CC4-AB42-4F08-9E74-B8BD4B9C49F4}.Debug|x86.Build.0 = Debug|Win32
		{9A2B8CC4-AB42-4F08-9E74-B8BD4B9C49F4}.Release|x64.ActiveCfg = Release|x64
		{9A2B8CC4-AB42-4F08-9E74-B8BD4B9C49F4}.Release|x64.Build.0 = Release|x64
		{9A2B8CC4-AB42-4F08-9E74-B8BD4B9C49F4}.Release|x86.ActiveCfg = Release|Win32
		{9A2B8CC4-AB42-4F08-9E74-B8BD4B9C49F4}.Release|x86.Build.0 = Release|Win32
		{5B46524D-59E9-45A0-8D7C-15DEAF2EB535}.Debug|x64.ActiveCfg = Debug|x64
		{5B46524D-59E9-45A0-8D7C-15DEAF2EB535}.Debug|x64.Build.0 = Debug|x64
		{5B46524D-59E9-45A0-8D7C-15DEAF2EB535}.Debug|x86.ActiveCfg = Debug|Win32
		{5B46524D-59E9-45A0-8D7C-15DEAF2EB535}.Debug|x86.Build.0 = Debug|Win32
		{5B46524D-59E9-45A0-8D7C-15DEAF2EB535}.Release|x64.ActiveCfg = Release|x64
		{5B46524D-59E9-45A0-8D7C-15DEAF2EB535}.Release|x64.Build.0 = Release|x64
		{5B46524D-59E9-45A0-8D7C-15DEAF2EB535}.Release|x86.ActiveCfg = Release|Win32
		{5B46524D-59E9-45A0-8D7C-15DEAF2EB535}.Release|x86.Build.0 = Release|Win32
		{A388DF70-6B33-41D2-BD15-450A43B54A5B}.Debug|x64.ActiveCfg = Debug|x64
		{A388DF70-6B33-41D2-BD15-450A43B54A5B}.Debug|x64.Build.0 = Debug|x64
		{A388DF70-6B33-41D2-BD15-450A43B54A5B}.Debug|x86.ActiveCfg = Debug|Win32
		{A388DF70-6B33-41D2-BD15-450A43B54A5B}.Debug|x86.Build.0 = Debug|Win32
		{A388DF70-6B33-41D2-BD15-450A43B54A5B}.Release|x64.ActiveCfg = Release|x64
		{A388DF70-6B33-41D2-BD15-450A43B54A5B}.Release|x64.Build.0 = Release|x64
		{A388DF70-6B33-41D2-BD15-450A43B54A5B}.Release|x86.ActiveCfg = Release|Win32
		{A388DF70-6B33-41D2-BD15-450A43B54A5B}.Release|x86.Build.0 = Release|Win32
		{A8E7E60D-C5F9-4F1E-968C-FF64D387E01F}.Debug|x64.ActiveCfg = Debug|x64
		{A8E7E60D-C5F9-4F1E-968C-FF64D387E01F}.Debug|x64.Build.0 = Debug|x64
		{A8E7E60D-C5F9-4F1E-968C-FF64D387E01F}.Debug|x86.ActiveCfg = Debug|Win32
		{A8E7E60D-C5F9-4F1E-968C-FF64D387E01F}.Debug|x86.Build.0 = Debug|Win32
		{A8E7E60D-C5F9-4F1E-968C-FF64D387E01F}.Release|x64.ActiveCfg = Release|x64
		{A8E7E60D-C5F9-4F1E-968C-FF64D387E01F}.Release|x64.Build.0 = Release|x64
		{A8E7E60D-C5F9-4F1E-968C-FF64D387E01F}.Release|x86.ActiveCfg = Release|Win32
		{A8E7E60D-C5F9-4F1E-968C-FF64D387E01F}.Release|x86.Build.0 = Release|Win32
		{4B93066D-388D-4E7D-9C21-A5CF9598CB26}.Debug|x64.ActiveCfg = Debug|x64
		{4B93066D-388D-4E7D-9C21-A5CF9598CB26}.Debug|x64.Build.0 = Debug|x64
		{4B93066D-388D-4E7D-9C21-A5CF9598CB26}.Debug|x86.ActiveCfg = Debug|Win32
		{4B93066D-388D-4E7D-9C21-A5CF9598CB26}.Debug|x86.Build.0 = Debug|Win32
		{4B93066D-388D-4E7D-9C21-A5CF9598CB26}.Release|x64.ActiveCfg = Release|x64
		{4B93066D-388D-4E7D-9C21-A5CF9598CB26}.Release|x64.Build.0 = Release|x64
		{4B93066D-388D-4E7D-9C21-A5CF9598CB26}.Release|x86.ActiveCfg = Release|Win32
		{4B93066D-388D-4E7D-9C21-A5CF9598CB26}.Release|x86.Build.0 = Release|Win32
		{F556BF06-F0DB-401F-B452-83A118DBB45B}.Debug|x64.ActiveCfg = Debug|x64
		{F556BF06-F0DB-401F-B452-83A118DBB45B}.Debug|x64.Build.0 = Debug|x64
		{F556BF06-F0DB-401F-B452-83A118DBB45B}.Debug|x86.ActiveCfg = Debug|Win32
		{F556BF06-F0DB-401F-B452-83A118DBB45B}.Debug|x86.Build.0 = Debug|Win32
		{F556BF06-F0DB-401F-B452-83A118DBB45B}.Release|x64.ActiveCfg = Release|x64
		{F556BF06-F0DB-401F-B452-83A118DBB45B}.Release|x64.Build.0 = Release|x64
		{F556BF06-F0DB-401F-B452-83A118DBB45B}.Release|x86.ActiveCfg = Release|Win32
		{F556BF06-F0DB-401F-B452-83A118DBB45B}.Release|x86.Build.0 = Release|Win32
		{9E9D030E-0E6A-4B03-B1E4-8B383F0E299C}.Debug|x64.ActiveCfg = Debug|x64
		{9E9D030E-0E6A-4B03-B1E4-8B383F0E299C}.Debug|x64.Build.0 = Debug|x64
		{9E9D030E-0E6A-4B03-B1E4-8B383F0E299C}.Debug|x86.ActiveCfg = Debug|Win32
		{9E9D030E-0E6A-4B03-B1E4-8B383F0E299C}.Debug|x86.Build.0 = Debug|Win32
		{9E9D030E-0E6A-4B03-B1E4-8B383F0E299C}.Release|x64.ActiveCfg = Release|x64
		{9E9D030E-0E6A-4B03-B1E4-8B383F0E299C}.Release|x64.Build.0 = Release|x64
		{9E9D030E-0E6A-4B03-B1E4-8B383F0E299C}.Release|x86.ActiveCfg = Release|Win32
		{9E9D030E-0E6A-4B03-B1E4-8B383F0E299C}.Release|x86.Build.0 = Release|Win32
		{314F4FA0-E9E3-4C1A-BC52-5E48CC156C7C}.Debug|x64.ActiveCfg = Debug|x64
		{314F4FA0-E9E3-4C1A-BC52-5E48CC156C7C}.Debug|x64.Build.0 = Debug|x64
		{314F4FA0-E9E3-4C1A-BC52-5E48CC156C7C}.Debug|x86.ActiveCfg = Debug|Win32
		{314F4FA0-E9E3-4C1A-BC52-5E48CC156C7C}.Debug|x86.Build.0 = Debug|Win32
		{314F4FA0-E9E3-4C1A-BC52-5E48CC156C7C}.Release|x64.ActiveCfg = Release|x64
		{314F4FA0-E9E3-4C1A-BC52-5E48CC156C7C}.Release|x64.Build.0 = Release|x64
		{314F4FA0-E9E3-4C1A-BC52-5E48CC156C7C}.Release|x86.ActiveCfg = Release|Win32
		{314F4FA0-E9E3-4C1A-BC52-5E48CC156C7C}.Release|x86.Build.0 = Release|Win32
		{AC95C360-F84F-4C90-BB5C-DFA71D272014}.Debug|x64.ActiveCfg = Debug|x64
		{AC95C360-F84F-4C90-BB5C-DFA71D272014}.Debug|x64.Build.0 = Debug|x64
		{AC95C360-F84F-4C90-BB5C-DFA71D272014}.Debug|x86.ActiveCfg = Debug|Win32
		{AC95C360-F84F-4C90-BB5C-DFA71D272014}.Debug|x86.Build.0 = Debug|Win32
		{AC95C360-F84F-4C90-BB5C-DFA71D272014}.Release|x64.ActiveCfg = Release|x64
		{AC95C360-F84F-4C90-BB5C-DFA71D272014}.Release|x64.Build.0 = Release|x64
		{AC95C360-F84F-4C90-BB5C-DFA71D272014}.Release|x86.ActiveCfg = Release|Win32
		{AC95C360-F84F-4C90-BB5C-DFA71D272014}.Release|x86.Build.0 = Release|Win32
		{BA4F0AB8-AFE6-470A-A6FB-578C42A04E3C}.Debug|x64.ActiveCfg = Debug|x64
		{BA4F0AB8-AFE6-470A-A6FB-578C42A04E3C}.Debug|x64.Build.0 = Debug|x64
		{BA4F0AB8-AFE6-470A-A6FB-578C42A04E3C}.Debug|x86.ActiveCfg = Debug|Win32
		{BA4F0AB8-AFE6-470A-A6FB-578C42A04E3C}.Debug|x86.Build.0 = Debug|Win32
		{BA4F0AB8-AFE6-470A-A6FB-578C42A04E3C}.Release|x64.ActiveCfg = Release|x64
		{BA4F0AB8-AFE6-470A-A6FB-578C42A04E3C}.Release|x64.Build.0 = Release|x64
		{BA4F0AB8-AFE6-470A-A6FB-578C42A04E3C}.Release|x86.ActiveCfg = Release|Win32
		{BA4F0AB8-AFE6-470A-A6FB-578C42A04E3C}.Release|x86.Build.0 = Release|Win32
		{FC6562B5-0ACE-4076-BC12-CD3A079A5FD6}.Debug|x64.ActiveCfg = Debug|x64
		{FC6562B5-0ACE-4076-BC12-CD3A079A5FD6}.Debug|x64.Build.0 = Debug|x64
		{FC6562B5-0ACE-4076-BC12-CD3A079A5FD6}.Debug|x86.ActiveCfg = Debug|Win32
		{FC6562B5-0ACE-4076-BC12-CD3A079A5FD6}.Debug|x86.Build.0 = Debug|Win32
		{FC6562B5-0ACE-4076-BC12-CD3A079A5FD6}.Release|x64.ActiveCfg = Release|x64
		{FC6562B5-0ACE-4076-BC12-CD3A079A5FD6}.Release|x64.Build.0 = Release|x64
		{FC6562B5-0ACE-4076-BC12-CD3A079A5FD6}.Release|x86.ActiveCfg = Release|Win32
		{FC6562B5-0ACE-4076-BC12-CD3A079A5FD6}.Release|x86.Build.0 = Release|Win32
		{AD6635E0-ABE2-4909-A1EB-4F72B242FBE6}.Debug|x64.ActiveCfg = Debug|x64
		{AD6635E0-ABE2-4909-A1EB-4F72B242FBE6}.Debug|x64.Build.0 = Debug|x64
		{AD6635E0-ABE2-4909-A1EB-4F72B242FBE6}.Debug|x86.ActiveCfg = Debug|Win32
		{AD6635E0-ABE2-4909-A1EB-4F72B242FBE6}.Debug|x86.Build.0 = Debug|Win32
		{AD6635E0-ABE2-4909-A1EB-4F72B242FBE6}.Release|x64.ActiveCfg = Release|x64
		{AD6635E0-ABE2-4909-A1EB-4F72B242FBE6}.Release|x64.Build.0 = Release|x64
		{AD6635E0-ABE2-4909-A1EB-4F72B242FBE6}.Release|x86.ActiveCfg = Release|Win32
		{AD6635E0-ABE2-4909-A1EB-4F72B242FBE6}.Release|x86.Build.0 = Release|Win32
		{13EEA2B9-7556-4ED9-8CF0-D0DD346B4F77}.Debug|x64.ActiveCfg = Debug|x64
		{13EEA2B9-7556-4ED9-8CF0-D0DD346B4F77}.Debug|x64.Build.0 = Debug|x64
		{13EEA2B9-7556-4ED9-8CF0-D0DD346B4F77}.Debug|x86.ActiveCfg = Debug|Win32
		{13EEA2B9-7556-4ED9-8CF0-D0DD346B4F77}.Debug|x86.Build.0 = Debug|Win32
		{13EEA2B9-7556-4ED9-8CF0-D0DD346B4F77}.Release|x64.ActiveCfg = Release|x64
		{13EEA2B9-7556-4ED9-8CF0-D0DD346B4F77}.Release|x64.Build.0 = Release|x64
		{13EEA2B9-7556-4ED9-8CF0-D0DD346B4F77}.Release|x86.ActiveCfg = Release|Win32
		{13EEA2B9-7556-4ED9-8CF0-D0DD346B4F77}.Release|x86.Build.0 = Release|Win32
		{4E713D85-B103-45CC-9F27-5F632A5B66E2}.Debug|x64.ActiveCfg = Debug|x64
		{4E713D85-B103-45CC-9F27-5F632A5B66E2}.Debug|x64.Build.0 = Debug|x64
		{4E713D85-B103-45CC-9F27-5F632A5B66E2}.Debug|x86.ActiveCfg = Debug|Win32
		{4E713D85-B103-45CC-9F27-5F632A5B66E2}.Debug|x86.Build.0 = Debug|Win32
		{4E713D85-B103-45CC-9F27-5F632A5B66E2}.Release|x64.ActiveCfg = Release|x64
		{4E713D85-B103-45CC-9F27-5F632A5B66E2}.Release|x64.Build.0 = Release|x64
		{4E713D85-B103-45CC-9F27-5F632A5B66E2}.Release|x86.ActiveCfg = Release|Win32
		{4E713D85-B103-45CC-9F27-5F632A5B66E2}.Release|x86.Build.0 = Release|Win32
		{1AC0DD0F-B724-4544-B647-A39D0D853DFF}.Debug|x64.ActiveCfg = Debug|x64
		{1AC0DD0F-B724-4544-B647-A39D0D853DFF}.Debug|x64.Build.0 = Debug|x64
		{1AC0DD0F-B724-4544-B647-A39D0D853DFF}.Debug|x86.ActiveCfg = Debug|Win32
		{1AC0DD0F-B724-4544-B647-A39D0D853DFF}.Debug|x86.Build.0 = Debug|Win32
		{1AC0DD0F-B724-4544-B647-A39D0D853DFF}.Release|x64.ActiveCfg = Release|x64
		{1AC0DD0F-B724-4544-B647-A39D0D853DFF}.Release|x64.Build.0 = Release|x64
		{1AC0DD0F-B724-4544-B647-A39D0D853DFF}.Release|x86.ActiveCfg = Release|Win32
		{1AC0DD0F-B724-4544-B647-A39D0D853DFF}.Release|x86.Build.0 = Release|Win32
		{5A10B9F6-CB8E-4EF7-B438-1839B942AD01}.Debug|x64.ActiveCfg = Debug|x64
		{5A10B9F6-CB8E-4EF7-B438-1839B942AD01}.Debug|x64.Build.0 = Debug|x64
		{5A10B9F6-CB8E-4EF7-B438-1839B942AD01}.Debug|x86.ActiveCfg = Debug|Win32
		{5A10B9F6-CB8E-4EF7-B438-1839B942AD01}.Debug|x86.Build.0 = Debug|Win32
		{5A10B9F6-CB8E-4EF7-B438-1839B942AD01}.Release|x64.ActiveCfg = Release|x64
		{5A10B9F6-CB8E-4EF7-B438-1839B942AD01}.Release|x64.Build.0 = Release|x64
		{5A10B9F6-CB8E-4EF7-B438-1839B942AD01}.Release|x86.ActiveCfg = Release|Win32
		{5A10B9F6-CB8E-4EF7-B438-1839B942AD01}.Release|x86.Build.0 = Release|Win32
		{8D45FF61-376E-45A5-905C-A0C8E33F4D61}.Debug|x64.ActiveCfg = Debug|x64
		{8D45FF61-376E-45A5-905C-A0C8E33F4D61}.Debug|x64.Build.0 = Debug|x64
		{8D45FF61-376E-45A5-905C-A0C8E33F4D61}.Debug|x86.ActiveCfg = Debug|Win32
		{8D45FF61-376E-45A5-905C-A0C8E33F4D61}.Debug|x86.Build.0 = Debug|Win32
		{8D45FF61-376E-45A5-905C-A0C8E33F4D61}.Release|x64.ActiveCfg = Release|x64
		{8D45FF61-376E-45A5-905C-A0C8E33F4D61}.Release|x64.Build.0 = Release|x64
		{8D45FF61-376E-45A5-905C-A0C8E33F4D61}.Release|x86.ActiveCfg = Release|Win32
		{8D45FF61-376E-45A5-905C-A0C8E33F4D61}.Release|x86.Build.0 = Release|Win32
		{A3E12EF1-7224-4E27-990F-B9E9DE2528CE}.Debug|x64.ActiveCfg = Debug|x64
		{A3E12EF1-7224-4E27-990F-B9E9DE2528CE}.Debug|x64.Build.0 = Debug|x64
		{A3E12EF1-7224-4E27-990F-B9E9DE2528CE}.Debug|x86.ActiveCfg = Debug|Win32
		{A3E12EF1-7224-4E27-990F-B9E9DE2528CE}.Debug|x86.Build.0 = Debug|Win32
		{A3E12EF1-7224-4E27-990F-B9E9DE2528CE}.Release|x64.ActiveCfg = Release|x64
		{A3E12EF1-7224-4E27-990F-B9E9DE2528CE}.Release|x64.Build.0 = Release|x64
		{A3E12EF1-7224-4E27-990F-B9E9DE2528CE}.Release|x86.ActiveCfg = Release|Win32
		{A3E12EF1-7224-4E27-990F-B9E9DE2528CE}.Release|x86.Build.0 = Release|Win32
		{B5471B70-A9B4-4F9B-8839-993CE06BCB4B}.Debug|x64.ActiveCfg = Debug|x64
		{B5471B70-A9B4-4F9B-8839-993CE06BCB4B}.Debug|x64.Build.0 = Debug|x64
		{B5471B70-A9B4-4F9B-8839-993CE06BCB4B}.Debug|x86.ActiveCfg = Debug|Win32
		{B5471B70-A9B4-4F9B-8839-993CE06BCB4B}.Debug|x86.Build.0 = Debug|Win32
		{B5471B70-A9B4-4F9B-8839-993CE06BCB4B}.Release|x64.ActiveCfg = Release|x64
		{B5471B70-A9B4-4F9B-8839-993CE06BCB4B}.Release|x64.Build.0 = Release|x64
		{B5471B70-A9B4-4F9B-8839-993CE06BCB4B}.Release|x86.ActiveCfg = Release|Win32
		{B5471B70-A9B4-4F9B-8839-993CE06BCB4B}.Release|x86.Build.0 = Release|Win32
		{11F03B5B-2F4A-4819-ADBA-AEDCBA3B2B01}.Debug|x64.ActiveCfg = Debug|x64
		{11F03B5B-2F4A-4819-ADBA-AEDCBA3B2B01}.Debug|x64.Build.0 = Debug|x64
		{11F03B5B-2F4A-4819-ADBA-AEDCBA3B2B01}.Debug|x86.ActiveCfg = Debug|Win32
		{11F03B5B-2F4A-4819-ADBA-AEDCBA3B2B01}.Debug|x86.Build.0 = Debug|Win32
		{11F03B5B-2F4A-4819-ADBA-AEDCBA3B2B01}.Release|x64.ActiveCfg = Release|x64
		{11F03B5B-2F4A-4819-ADBA-AEDCBA3B2B01}.Release|x64.Build.0 = Release|x64
		{11F03B5B-2F4A-4819-ADBA-AEDCBA3B2B01}.Release|x86.ActiveCfg = Release|Win32
		{11F03B5B-2F4A-4819-ADBA-AEDCBA3B2B01}.Release|x86.Build.0 = Release|Win32
		{7F556C17-7E5E-4FD4-9546-ADBD27F3B3E6}.Debug|x64.ActiveCfg = Debug|x64
		{7F556C17-7E5E-4FD4-9546-ADBD27F3B3E6}.Debug|x64.Build.0 = Debug|x64
		{7F556C17-7E5E-4FD4-9546-ADBD27F3B3E6}.Debug|x86.ActiveCfg = Debug|Win32
		{7F556C17-7E5E-4FD4-9546-ADBD27F3B3E6}.Debug|x86.Build.0 = Debug|Win32
		{7F556C17-7E5E-4FD4-9546-ADBD27F3B3E6}.Release|x64.ActiveCfg = Release|x64
		{7F556C17-7E5E-4FD4-9546-ADBD27F3B3E6}.Release|x64.Build.0 = Release|x64
		{7F556C17-7E5E-4FD4-9546-ADBD27F3B3E6}.Release|x86.ActiveCfg = Release|Win32
		{7F556C17-7E5E-4FD4-9546-ADBD27F3B3E6}.Release|x86.Build.0 = Release|Win32
		{4E3F9BEE-649F-46C1-B1D9-709100FA5B13}.Debug|x64.ActiveCfg = Debug|x64
		{4E3F9BEE-649F-46C1-B1D9-709100FA5B13}.Debug|x64.Build.0 = Debug|x64
		{4E3F9BEE-649F-46C1-B1D9-709100FA5B13}.Debug|x86.ActiveCfg = Debug|Win32
		{4E3F9BEE-649F-46C1-B1D9-709100FA5B13}.Debug|x86.Build.0 = Debug|Win32
		{4E3F9BEE-649F-46C1-B1D9-709100FA5B13}.Release|x64.ActiveCfg = Release|x64
		{4E3F9BEE-649F-46C1-B1D9-709100FA5B13}.Release|x64.Build.0 = Release|x64
		{4E3F9BEE-649F-46C1-B1D9-709100FA5B13}.Release|x86.ActiveCfg = Release|Win32
		{4E3F9BEE-649F-46C1-B1D9-709100FA5B13}.Release|x86.Build.0 = Release|Win32
	EndGlobalSection
	GlobalSection(SolutionProperties) = preSolution
		HideSolutionNode = FALSE
	EndGlobalSection
	GlobalSection(ExtensibilityGlobals) = postSolution
		SolutionGuid = {8DBBD19B-2ED1-41E3-A222-DB266DCE6E93}
	EndGlobalSection
EndGlobal
